<?xml version="1.0" encoding="utf-8"?>
<Project ToolsVersion="4.0" xmlns="http://schemas.microsoft.com/developer/msbuild/2003">
  <ItemGroup>
    <Filter Include="Global">
      <UniqueIdentifier>{be576d88-a15a-4a2a-b526-2667789d24e2}</UniqueIdentifier>
    </Filter>
    <Filter Include="Scene">
      <UniqueIdentifier>{631c9f1c-cf1b-45b4-8c16-84e0b9a75af4}</UniqueIdentifier>
    </Filter>
    <Filter Include="Object">
      <UniqueIdentifier>{a8a54105-fd31-4105-a66f-06fca8c9900e}</UniqueIdentifier>
    </Filter>
    <Filter Include="Shader">
      <UniqueIdentifier>{7f934215-91c8-4eeb-b1af-c097984d5c62}</UniqueIdentifier>
    </Filter>
    <Filter Include="ImGui">
      <UniqueIdentifier>{004ed374-4344-4b49-ba42-1bd5a35cf8a2}</UniqueIdentifier>
    </Filter>
    <Filter Include="Sound">
      <UniqueIdentifier>{96c12eaf-b1cf-470d-9525-f4822f78368c}</UniqueIdentifier>
    </Filter>
    <Filter Include="소스 파일">
      <UniqueIdentifier>{4FC737F1-C7A5-4376-A066-2A32D752A2FF}</UniqueIdentifier>
      <Extensions>cpp;c;cc;cxx;c++;cppm;ixx;def;odl;idl;hpj;bat;asm;asmx</Extensions>
    </Filter>
  </ItemGroup>
  <ItemGroup>
    <ClCompile Include="Global\stdafx.cpp">
      <Filter>Global</Filter>
    </ClCompile>
    <ClCompile Include="Rampage.cpp">
      <Filter>소스 파일</Filter>
    </ClCompile>
    <ClCompile Include="Global\GameFramework.cpp">
      <Filter>Global</Filter>
    </ClCompile>
    <ClCompile Include="Global\Timer.cpp">
      <Filter>Global</Filter>
    </ClCompile>
    <ClCompile Include="Scene\Scene.cpp">
      <Filter>Scene</Filter>
    </ClCompile>
    <ClCompile Include="Global\Camera.cpp">
      <Filter>Global</Filter>
    </ClCompile>
    <ClCompile Include="Global\DDSTextureLoader12.cpp">
      <Filter>Global</Filter>
    </ClCompile>
    <ClCompile Include="Object\Object.cpp">
      <Filter>Object</Filter>
    </ClCompile>
    <ClCompile Include="Object\Texture.cpp">
      <Filter>Object</Filter>
    </ClCompile>
    <ClCompile Include="Shader\Shader.cpp">
      <Filter>Shader</Filter>
    </ClCompile>
    <ClCompile Include="Object\Mesh.cpp">
      <Filter>Object</Filter>
    </ClCompile>
    <ClCompile Include="Shader\ModelShader.cpp">
      <Filter>Shader</Filter>
    </ClCompile>
    <ClCompile Include="ImGui\imgui.cpp">
      <Filter>ImGui</Filter>
    </ClCompile>
    <ClCompile Include="ImGui\imgui_demo.cpp">
      <Filter>ImGui</Filter>
    </ClCompile>
    <ClCompile Include="ImGui\imgui_draw.cpp">
      <Filter>ImGui</Filter>
    </ClCompile>
    <ClCompile Include="ImGui\imgui_tables.cpp">
      <Filter>ImGui</Filter>
    </ClCompile>
    <ClCompile Include="ImGui\imgui_widgets.cpp">
      <Filter>ImGui</Filter>
    </ClCompile>
    <ClCompile Include="ImGui\ImGuiManager.cpp">
      <Filter>ImGui</Filter>
    </ClCompile>
    <ClCompile Include="ImGui\imgui_impl_dx12.cpp">
      <Filter>ImGui</Filter>
    </ClCompile>
    <ClCompile Include="ImGui\imgui_impl_win32.cpp">
      <Filter>ImGui</Filter>
    </ClCompile>
    <ClCompile Include="Scene\MainScene.cpp">
      <Filter>Scene</Filter>
    </ClCompile>
    <ClCompile Include="Object\Animation.cpp">
      <Filter>Object</Filter>
    </ClCompile>
    <ClCompile Include="Object\ModelManager.cpp">
      <Filter>Object</Filter>
    </ClCompile>
    <ClCompile Include="Object\Light.cpp">
      <Filter>Object</Filter>
    </ClCompile>
    <ClCompile Include="Object\Terrain.cpp">
      <Filter>Object</Filter>
    </ClCompile>
    <ClCompile Include="Shader\TerrainShader.cpp">
      <Filter>Shader</Filter>
    </ClCompile>
    <ClCompile Include="Scene\SimulatorScene.cpp">
      <Filter>Scene</Filter>
    </ClCompile>
    <ClCompile Include="Sound\Sound.cpp">
      <Filter>Sound</Filter>
    </ClCompile>
    <ClCompile Include="Sound\SoundManager.cpp">
      <Filter>Sound</Filter>
    </ClCompile>
    <ClCompile Include="Shader\BoundingBoxShader.cpp">
      <Filter>Shader</Filter>
    </ClCompile>
    <ClCompile Include="Global\Component.cpp">
      <Filter>Global</Filter>
    </ClCompile>
    <ClCompile Include="Global\MessageDispatcher.cpp">
      <Filter>Global</Filter>
    </ClCompile>
    <ClCompile Include="Global\Entity.cpp">
      <Filter>Global</Filter>
    </ClCompile>
    <ClCompile Include="Object\Player.cpp">
      <Filter>Object</Filter>
    </ClCompile>
    <ClCompile Include="Global\Locator.cpp">
      <Filter>Global</Filter>
    </ClCompile>
    <ClCompile Include="Object\State.cpp">
      <Filter>Object</Filter>
    </ClCompile>
    <ClCompile Include="Shader\DepthRenderShader.cpp">
      <Filter>Shader</Filter>
    </ClCompile>
    <ClCompile Include="Global\EntityManager.cpp">
      <Filter>Global</Filter>
    </ClCompile>
    <ClCompile Include="Sound\SoundComponent.cpp">
      <Filter>Sound</Filter>
    </ClCompile>
    <ClCompile Include="Sound\SoundPlayer.cpp">
      <Filter>Sound</Filter>
    </ClCompile>
    <ClCompile Include="Object\AnimationComponent.cpp">
      <Filter>Object</Filter>
    </ClCompile>
    <ClCompile Include="Object\MonsterState.cpp">
      <Filter>Object</Filter>
    </ClCompile>
    <ClCompile Include="Object\Monster.cpp">
      <Filter>Object</Filter>
    </ClCompile>
    <ClCompile Include="Object\BillBoardObject.cpp">
      <Filter>Object</Filter>
    </ClCompile>
    <ClCompile Include="Shader\BillBoardObjectShader.cpp">
      <Filter>Shader</Filter>
    </ClCompile>
    <ClCompile Include="Shader\ParticleShader.cpp">
      <Filter>Shader</Filter>
    </ClCompile>
    <ClCompile Include="Object\ParticleObject.cpp">
      <Filter>Object</Filter>
    </ClCompile>
    <ClCompile Include="Object\TextureManager.cpp">
      <Filter>Object</Filter>
    </ClCompile>
    <ClCompile Include="Object\BillBoardComponent.cpp">
      <Filter>Object</Filter>
    </ClCompile>
    <ClCompile Include="Object\ParticleComponent.cpp">
      <Filter>Object</Filter>
    </ClCompile>
    <ClCompile Include="Scene\SceneManager.cpp">
      <Filter>Scene</Filter>
    </ClCompile>
    <ClCompile Include="Scene\LobbyScene.cpp">
      <Filter>Scene</Filter>
    </ClCompile>
  </ItemGroup>
  <ItemGroup>
    <ClInclude Include="Global\stdafx.h">
      <Filter>Global</Filter>
    </ClInclude>
    <ClInclude Include="Global\GameFramework.h">
      <Filter>Global</Filter>
    </ClInclude>
    <ClInclude Include="Global\Timer.h">
      <Filter>Global</Filter>
    </ClInclude>
    <ClInclude Include="Scene\Scene.h">
      <Filter>Scene</Filter>
    </ClInclude>
    <ClInclude Include="Global\Camera.h">
      <Filter>Global</Filter>
    </ClInclude>
    <ClInclude Include="Global\d3dx12.h">
      <Filter>Global</Filter>
    </ClInclude>
    <ClInclude Include="Global\DDSTextureLoader12.h">
      <Filter>Global</Filter>
    </ClInclude>
    <ClInclude Include="Object\Object.h">
      <Filter>Object</Filter>
    </ClInclude>
    <ClInclude Include="Object\Texture.h">
      <Filter>Object</Filter>
    </ClInclude>
    <ClInclude Include="Shader\Shader.h">
      <Filter>Shader</Filter>
    </ClInclude>
    <ClInclude Include="Object\Mesh.h">
      <Filter>Object</Filter>
    </ClInclude>
    <ClInclude Include="Shader\ModelShader.h">
      <Filter>Shader</Filter>
    </ClInclude>
    <ClInclude Include="ImGui\imconfig.h">
      <Filter>ImGui</Filter>
    </ClInclude>
    <ClInclude Include="ImGui\imgui.h">
      <Filter>ImGui</Filter>
    </ClInclude>
    <ClInclude Include="ImGui\imgui_internal.h">
      <Filter>ImGui</Filter>
    </ClInclude>
    <ClInclude Include="ImGui\ImGuiManager.h">
      <Filter>ImGui</Filter>
    </ClInclude>
    <ClInclude Include="ImGui\imgui_impl_dx12.h">
      <Filter>ImGui</Filter>
    </ClInclude>
    <ClInclude Include="ImGui\imgui_impl_win32.h">
      <Filter>ImGui</Filter>
    </ClInclude>
    <ClInclude Include="ImGui\imstb_rectpack.h">
      <Filter>ImGui</Filter>
    </ClInclude>
    <ClInclude Include="ImGui\imstb_textedit.h">
      <Filter>ImGui</Filter>
    </ClInclude>
    <ClInclude Include="ImGui\imstb_truetype.h">
      <Filter>ImGui</Filter>
    </ClInclude>
    <ClInclude Include="Scene\MainScene.h">
      <Filter>Scene</Filter>
    </ClInclude>
    <ClInclude Include="Object\Animation.h">
      <Filter>Object</Filter>
    </ClInclude>
    <ClInclude Include="Object\ModelManager.h">
      <Filter>Object</Filter>
    </ClInclude>
    <ClInclude Include="Object\Light.h">
      <Filter>Object</Filter>
    </ClInclude>
    <ClInclude Include="Object\Terrain.h">
      <Filter>Object</Filter>
    </ClInclude>
    <ClInclude Include="Shader\TerrainShader.h">
      <Filter>Shader</Filter>
    </ClInclude>
    <ClInclude Include="Sound\SoundManager.h">
      <Filter>Sound</Filter>
    </ClInclude>
    <ClInclude Include="Sound\Sound.h">
      <Filter>Sound</Filter>
    </ClInclude>
    <ClInclude Include="Scene\SimulatorScene.h">
      <Filter>Scene</Filter>
    </ClInclude>
    <ClInclude Include="Shader\BoundingBoxShader.h">
      <Filter>Shader</Filter>
    </ClInclude>
    <ClInclude Include="Global\MessageDispatcher.h">
      <Filter>Global</Filter>
    </ClInclude>
    <ClInclude Include="Global\Entity.h">
      <Filter>Global</Filter>
    </ClInclude>
    <ClInclude Include="Global\Component.h">
      <Filter>Global</Filter>
    </ClInclude>
    <ClInclude Include="Global\Global.h">
      <Filter>Global</Filter>
    </ClInclude>
    <ClInclude Include="Global\Locator.h">
      <Filter>Global</Filter>
    </ClInclude>
    <ClInclude Include="Object\Player.h">
      <Filter>Object</Filter>
    </ClInclude>
    <ClInclude Include="Object\State.h">
      <Filter>Object</Filter>
    </ClInclude>
    <ClInclude Include="Object\StateMachine.h">
      <Filter>Object</Filter>
    </ClInclude>
    <ClInclude Include="Shader\DepthRenderShader.h">
      <Filter>Shader</Filter>
    </ClInclude>
    <ClInclude Include="Sound\SoundComponent.h">
      <Filter>Sound</Filter>
    </ClInclude>
    <ClInclude Include="Sound\SoundPlayer.h">
      <Filter>Sound</Filter>
    </ClInclude>
    <ClInclude Include="Object\AnimationComponent.h">
      <Filter>Object</Filter>
    </ClInclude>
    <ClInclude Include="Object\MonsterState.h">
      <Filter>Object</Filter>
    </ClInclude>
    <ClInclude Include="Object\Monster.h">
      <Filter>Object</Filter>
    </ClInclude>
    <ClInclude Include="Object\BillBoardObject.h">
      <Filter>Object</Filter>
    </ClInclude>
    <ClInclude Include="Shader\BillBoardObjectShader.h">
      <Filter>Shader</Filter>
    </ClInclude>
    <ClInclude Include="Shader\ParticleShader.h">
      <Filter>Shader</Filter>
    </ClInclude>
    <ClInclude Include="Global\EntityManager.h">
      <Filter>Global</Filter>
    </ClInclude>
    <ClInclude Include="Object\ParticleObject.h">
      <Filter>Object</Filter>
    </ClInclude>
    <ClInclude Include="Object\TextureManager.h">
      <Filter>Object</Filter>
    </ClInclude>
    <ClInclude Include="Object\BillBoardComponent.h">
      <Filter>Object</Filter>
    </ClInclude>
    <ClInclude Include="Object\ParticleComponent.h">
      <Filter>Object</Filter>
    </ClInclude>
    <ClInclude Include="Scene\SceneManager.h">
      <Filter>Scene</Filter>
    </ClInclude>
    <ClInclude Include="Scene\LobbyScene.h">
      <Filter>Scene</Filter>
    </ClInclude>
  </ItemGroup>
  <ItemGroup>
    <FxCompile Include="Shader\PlayerPixelShader.hlsl" />
    <FxCompile Include="Shader\PlayerVertexShader.hlsl" />
    <FxCompile Include="Shader\Light.hlsl" />
    <FxCompile Include="TerrainPixelShader.hlsl" />
    <FxCompile Include="TerrainVertexShader.hlsl" />
    <FxCompile Include="Shader\TerrainParallaxVertexShader.hlsl" />
    <FxCompile Include="Shader\TerrainParallaxPixelShader.hlsl" />
    <FxCompile Include="Shader\BoundVertexShader.hlsl" />
    <FxCompile Include="Shader\BoundPixelShader.hlsl" />
    <FxCompile Include="Shader\PlayerDepthWriteShader.hlsl" />
    <FxCompile Include="Shader\TerrainDepthWriteShader.hlsl" />
    <FxCompile Include="Shader\BillboardObjectPixelShader.hlsl" />
    <FxCompile Include="Shader\BillboardObjectVertexShader.hlsl" />
    <FxCompile Include="Shader\BillboardObjectGSShader.hlsl" />
    <FxCompile Include="Shader\ParticleDrawVertexShader.hlsl" />
    <FxCompile Include="Shader\ParticleDrawPixelShader.hlsl" />
    <FxCompile Include="Shader\ParticleDrawGSShader.hlsl" />
    <FxCompile Include="Shader\ParticleSteamOutputGeometryShader.hlsl" />
    <FxCompile Include="Shader\ParticleStreamOutputVertexShader.hlsl" />
    <FxCompile Include="TreePixelShader.hlsl" />
  </ItemGroup>
</Project>